
Microsoft Visual Studio Solution File, Format Version 12.00
# Visual Studio Version 16
VisualStudioVersion = 16.0.31205.134
MinimumVisualStudioVersion = 10.0.40219.1
Project("{9A19103F-16F7-4668-BE54-9A1E7A4F7556}") = "VisualStates", "VisualStates\VisualStates.csproj", "{35B04161-3D8B-4DCA-BD2A-A0D79607A5D7}"
EndProject
Project("{FAE04EC0-301F-11D3-BF4B-00C04F79EFBC}") = "MVVM", "MVVM\MVVM.csproj", "{A67CB571-2AF1-418D-82CD-560F4BDD7FD5}"
EndProject
Project("{FAE04EC0-301F-11D3-BF4B-00C04F79EFBC}") = "CustomControl", "CustomControl\CustomControl.csproj", "{F50381A7-7208-47E6-90A1-FC87D0A7A22E}"
EndProject
Global
	GlobalSection(SolutionConfigurationPlatforms) = preSolution
		Debug|Any CPU = Debug|Any CPU
		Release|Any CPU = Release|Any CPU
	EndGlobalSection
	GlobalSection(ProjectConfigurationPlatforms) = postSolution
		{35B04161-3D8B-4DCA-BD2A-A0D79607A5D7}.Debug|Any CPU.ActiveCfg = Debug|Any CPU
		{35B04161-3D8B-4DCA-BD2A-A0D79607A5D7}.Debug|Any CPU.Build.0 = Debug|Any CPU
		{35B04161-3D8B-4DCA-BD2A-A0D79607A5D7}.Release|Any CPU.ActiveCfg = Release|Any CPU
		{35B04161-3D8B-4DCA-BD2A-A0D79607A5D7}.Release|Any CPU.Build.0 = Release|Any CPU
		{A67CB571-2AF1-418D-82CD-560F4BDD7FD5}.Debug|Any CPU.ActiveCfg = Debug|Any CPU
		{A67CB571-2AF1-418D-82CD-560F4BDD7FD5}.Debug|Any CPU.Build.0 = Debug|Any CPU
		{A67CB571-2AF1-418D-82CD-560F4BDD7FD5}.Release|Any CPU.ActiveCfg = Release|Any CPU
		{A67CB571-2AF1-418D-82CD-560F4BDD7FD5}.Release|Any CPU.Build.0 = Release|Any CPU
		{F50381A7-7208-47E6-90A1-FC87D0A7A22E}.Debug|Any CPU.ActiveCfg = Debug|Any CPU
		{F50381A7-7208-47E6-90A1-FC87D0A7A22E}.Debug|Any CPU.Build.0 = Debug|Any CPU
		{F50381A7-7208-47E6-90A1-FC87D0A7A22E}.Release|Any CPU.ActiveCfg = Release|Any CPU
		{F50381A7-7208-47E6-90A1-FC87D0A7A22E}.Release|Any CPU.Build.0 = Release|Any CPU
	EndGlobalSection
	GlobalSection(SolutionProperties) = preSolution
		HideSolutionNode = FALSE
	EndGlobalSection
	GlobalSection(ExtensibilityGlobals) = postSolution
		SolutionGuid = {8018D445-5B65-4C08-A12B-CC993594BAF6}
	EndGlobalSection
EndGlobal
